Microsoft Visual Studio Solution File, Format Version 12.00
# Visual Studio Version 17
VisualStudioVersion = 17.5.2.0
MinimumVisualStudioVersion = 10.0.40219.1
Project("{FAE04EC0-301F-11D3-BF4B-00C04F79EFBC}") = "DWGViewerAPI", "DWGViewerAPI\DWGViewerAPI.csproj", "{93AA2392-A990-2E50-C8D7-C441289733C6}"
EndProject
Global
	GlobalSection(SolutionConfigurationPlatforms) = preSolution
		Debug|Any CPU = Debug|Any CPU
		Release|Any CPU = Release|Any CPU
	EndGlobalSection
	GlobalSection(ProjectConfigurationPlatforms) = postSolution
		{93AA2392-A990-2E50-C8D7-C441289733C6}.Debug|Any CPU.ActiveCfg = Debug|Any CPU
		{93AA2392-A990-2E50-C8D7-C441289733C6}.Debug|Any CPU.Build.0 = Debug|Any CPU
		{93AA2392-A990-2E50-C8D7-C441289733C6}.Release|Any CPU.ActiveCfg = Release|Any CPU
		{93AA2392-A990-2E50-C8D7-C441289733C6}.Release|Any CPU.Build.0 = Release|Any CPU
	EndGlobalSection
	GlobalSection(SolutionProperties) = preSolution
		HideSolutionNode = FALSE
	EndGlobalSection
	GlobalSection(ExtensibilityGlobals) = postSolution
		SolutionGuid = {0D7DC782-103F-4280-821B-F7779F35D689}
	EndGlobalSection
EndGlobal
